
Microsoft Visual Studio Solution File, Format Version 12.00
# Visual Studio Version 16
VisualStudioVersion = 16.0.30907.101
MinimumVisualStudioVersion = 10.0.40219.1
Project("{2150E333-8FDC-42A3-9474-1A3956D46DE8}") = "src", "src", "{9C40EF41-8F09-45F4-9EB8-66635647AC36}"
EndProject
Project("{2150E333-8FDC-42A3-9474-1A3956D46DE8}") = "tests", "tests", "{1C2EABF5-EFC9-45A1-9D32-E8FCE4B30382}"
EndProject
Project("{FAE04EC0-301F-11D3-BF4B-00C04F79EFBC}") = "Integration.Infrastructure.Tests", "Integration.Infrastructure.Tests\Integration.Infrastructure.Tests.csproj", "{F794AAAC-0E04-4E24-BE2A-4B9386E17CBC}"
EndProject
Project("{2150E333-8FDC-42A3-9474-1A3956D46DE8}") = "sample", "sample", "{B2B29BBE-2E59-4F2C-9F1A-50FA6972C812}"
EndProject
Project("{9A19103F-16F7-4668-BE54-9A1E7A4F7556}") = "DSL.Partiel01.ConsoleApp", "sample\DSL.Partiel01.ConsoleApp\DSL.Partiel01.ConsoleApp.csproj", "{1FF87EC0-F0BB-4281-A33F-D2FECE441528}"
EndProject
Project("{9A19103F-16F7-4668-BE54-9A1E7A4F7556}") = "DSL.Partiel01.Core", "src\DSL.Partiel01.Core\DSL.Partiel01.Core.csproj", "{6AED6441-5872-4D33-9C46-E7EFB001F2BE}"
EndProject
Project("{9A19103F-16F7-4668-BE54-9A1E7A4F7556}") = "DSL.Partiel01.Domain", "src\DSL.Partiel01.Domain\DSL.Partiel01.Domain.csproj", "{60B95C07-FDFB-4CCB-AFEA-D665536198AE}"
EndProject
Project("{9A19103F-16F7-4668-BE54-9A1E7A4F7556}") = "DSL.Partiel01.Infrastructure", "src\DSL.Partiel01.Infrastructure\DSL.Partiel01.Infrastructure.csproj", "{49D5741F-F8A9-4398-A7B0-21E7E2FA9A65}"
EndProject
Project("{9A19103F-16F7-4668-BE54-9A1E7A4F7556}") = "Unit.Core.Tests", "Unit.Core.Tests\Unit.Core.Tests.csproj", "{78680418-30CB-4B98-AB58-C93D70F17ED1}"
EndProject
Project("{9A19103F-16F7-4668-BE54-9A1E7A4F7556}") = "Unit.Domain.Tests", "Unit.Domain.Tests\Unit.Domain.Tests.csproj", "{014C1A34-B2B9-459C-A3DC-6AAE407263B5}"
EndProject
Project("{FAE04EC0-301F-11D3-BF4B-00C04F79EFBC}") = "Core", "Core\Core.csproj", "{B075F679-280A-44D3-8E36-4C84D24D115E}"
EndProject
Global
	GlobalSection(SolutionConfigurationPlatforms) = preSolution
		Debug|Any CPU = Debug|Any CPU
		Release|Any CPU = Release|Any CPU
	EndGlobalSection
	GlobalSection(ProjectConfigurationPlatforms) = postSolution
		{F794AAAC-0E04-4E24-BE2A-4B9386E17CBC}.Debug|Any CPU.ActiveCfg = Debug|Any CPU
		{F794AAAC-0E04-4E24-BE2A-4B9386E17CBC}.Debug|Any CPU.Build.0 = Debug|Any CPU
		{F794AAAC-0E04-4E24-BE2A-4B9386E17CBC}.Release|Any CPU.ActiveCfg = Release|Any CPU
		{F794AAAC-0E04-4E24-BE2A-4B9386E17CBC}.Release|Any CPU.Build.0 = Release|Any CPU
		{1FF87EC0-F0BB-4281-A33F-D2FECE441528}.Debug|Any CPU.ActiveCfg = Debug|Any CPU
		{1FF87EC0-F0BB-4281-A33F-D2FECE441528}.Debug|Any CPU.Build.0 = Debug|Any CPU
		{1FF87EC0-F0BB-4281-A33F-D2FECE441528}.Release|Any CPU.ActiveCfg = Release|Any CPU
		{1FF87EC0-F0BB-4281-A33F-D2FECE441528}.Release|Any CPU.Build.0 = Release|Any CPU
		{6AED6441-5872-4D33-9C46-E7EFB001F2BE}.Debug|Any CPU.ActiveCfg = Debug|Any CPU
		{6AED6441-5872-4D33-9C46-E7EFB001F2BE}.Debug|Any CPU.Build.0 = Debug|Any CPU
		{6AED6441-5872-4D33-9C46-E7EFB001F2BE}.Release|Any CPU.ActiveCfg = Release|Any CPU
		{6AED6441-5872-4D33-9C46-E7EFB001F2BE}.Release|Any CPU.Build.0 = Release|Any CPU
		{60B95C07-FDFB-4CCB-AFEA-D665536198AE}.Debug|Any CPU.ActiveCfg = Debug|Any CPU
		{60B95C07-FDFB-4CCB-AFEA-D665536198AE}.Debug|Any CPU.Build.0 = Debug|Any CPU
		{60B95C07-FDFB-4CCB-AFEA-D665536198AE}.Release|Any CPU.ActiveCfg = Release|Any CPU
		{60B95C07-FDFB-4CCB-AFEA-D665536198AE}.Release|Any CPU.Build.0 = Release|Any CPU
		{49D5741F-F8A9-4398-A7B0-21E7E2FA9A65}.Debug|Any CPU.ActiveCfg = Debug|Any CPU
		{49D5741F-F8A9-4398-A7B0-21E7E2FA9A65}.Debug|Any CPU.Build.0 = Debug|Any CPU
		{49D5741F-F8A9-4398-A7B0-21E7E2FA9A65}.Release|Any CPU.ActiveCfg = Release|Any CPU
		{49D5741F-F8A9-4398-A7B0-21E7E2FA9A65}.Release|Any CPU.Build.0 = Release|Any CPU
		{78680418-30CB-4B98-AB58-C93D70F17ED1}.Debug|Any CPU.ActiveCfg = Debug|Any CPU
		{78680418-30CB-4B98-AB58-C93D70F17ED1}.Debug|Any CPU.Build.0 = Debug|Any CPU
		{78680418-30CB-4B98-AB58-C93D70F17ED1}.Release|Any CPU.ActiveCfg = Release|Any CPU
		{78680418-30CB-4B98-AB58-C93D70F17ED1}.Release|Any CPU.Build.0 = Release|Any CPU
		{014C1A34-B2B9-459C-A3DC-6AAE407263B5}.Debug|Any CPU.ActiveCfg = Debug|Any CPU
		{014C1A34-B2B9-459C-A3DC-6AAE407263B5}.Debug|Any CPU.Build.0 = Debug|Any CPU
		{014C1A34-B2B9-459C-A3DC-6AAE407263B5}.Release|Any CPU.ActiveCfg = Release|Any CPU
		{014C1A34-B2B9-459C-A3DC-6AAE407263B5}.Release|Any CPU.Build.0 = Release|Any CPU
		{B075F679-280A-44D3-8E36-4C84D24D115E}.Debug|Any CPU.ActiveCfg = Debug|Any CPU
		{B075F679-280A-44D3-8E36-4C84D24D115E}.Debug|Any CPU.Build.0 = Debug|Any CPU
		{B075F679-280A-44D3-8E36-4C84D24D115E}.Release|Any CPU.ActiveCfg = Release|Any CPU
		{B075F679-280A-44D3-8E36-4C84D24D115E}.Release|Any CPU.Build.0 = Release|Any CPU
	EndGlobalSection
	GlobalSection(SolutionProperties) = preSolution
		HideSolutionNode = FALSE
	EndGlobalSection
	GlobalSection(NestedProjects) = preSolution
		{F794AAAC-0E04-4E24-BE2A-4B9386E17CBC} = {1C2EABF5-EFC9-45A1-9D32-E8FCE4B30382}
		{1FF87EC0-F0BB-4281-A33F-D2FECE441528} = {B2B29BBE-2E59-4F2C-9F1A-50FA6972C812}
		{6AED6441-5872-4D33-9C46-E7EFB001F2BE} = {9C40EF41-8F09-45F4-9EB8-66635647AC36}
		{60B95C07-FDFB-4CCB-AFEA-D665536198AE} = {9C40EF41-8F09-45F4-9EB8-66635647AC36}
		{49D5741F-F8A9-4398-A7B0-21E7E2FA9A65} = {9C40EF41-8F09-45F4-9EB8-66635647AC36}
		{78680418-30CB-4B98-AB58-C93D70F17ED1} = {1C2EABF5-EFC9-45A1-9D32-E8FCE4B30382}
		{014C1A34-B2B9-459C-A3DC-6AAE407263B5} = {1C2EABF5-EFC9-45A1-9D32-E8FCE4B30382}
		{B075F679-280A-44D3-8E36-4C84D24D115E} = {9C40EF41-8F09-45F4-9EB8-66635647AC36}
	EndGlobalSection
	GlobalSection(ExtensibilityGlobals) = postSolution
		SolutionGuid = {10817773-64F2-4149-BE9A-220E83F8901D}
	EndGlobalSection
EndGlobal
